{
  "version": "5",
  "redirects": {
    "https://esm.sh/@adobe/css-tools@^4.3.1?target=denonext": "https://esm.sh/@adobe/css-tools@4.4.3?target=denonext",
    "https://esm.sh/@testing-library/dom@^8.19.0?target=denonext": "https://esm.sh/@testing-library/dom@8.20.1?target=denonext",
    "https://esm.sh/@types/aria-query@~5.0.4/index.d.ts": "https://esm.sh/@types/aria-query@5.0.4/index.d.ts",
    "https://esm.sh/@types/call-bind@~1.0.5/callBound.d.ts": "https://esm.sh/@types/call-bind@1.0.5/callBound.d.ts",
    "https://esm.sh/@types/color-convert@~2.0.4/index.d.ts": "https://esm.sh/@types/color-convert@2.0.4/index.d.ts",
    "https://esm.sh/@types/color-name@~1.1.5/index.d.ts": "https://esm.sh/@types/color-name@1.1.5/index.d.ts",
    "https://esm.sh/@types/css.escape@~1.5.2/index.d.ts": "https://esm.sh/@types/css.escape@1.5.2/index.d.ts",
    "https://esm.sh/@types/get-intrinsic@~1.2.3/index.d.ts": "https://esm.sh/@types/get-intrinsic@1.2.3/index.d.ts",
    "https://esm.sh/@types/isarray@~2.0.3/index.d.ts": "https://esm.sh/@types/isarray@2.0.3/index.d.ts",
    "https://esm.sh/@types/lodash@~4.17.14/isEqual.d.ts": "https://esm.sh/@types/lodash@4.17.17/isEqual.d.ts",
    "https://esm.sh/@types/lodash@~4.17.14/isEqualWith.d.ts": "https://esm.sh/@types/lodash@4.17.17/isEqualWith.d.ts",
    "https://esm.sh/@types/lodash@~4.17.14/uniq.d.ts": "https://esm.sh/@types/lodash@4.17.17/uniq.d.ts",
    "https://esm.sh/@types/min-indent@~1.0.2/index.d.ts": "https://esm.sh/@types/min-indent@1.0.2/index.d.ts",
    "https://esm.sh/@types/object-inspect@~1.13.0/index.d.ts": "https://esm.sh/@types/object-inspect@1.13.0/index.d.ts",
    "https://esm.sh/@types/react-is@~17.0.7/index.d.ts": "https://esm.sh/@types/react-is@17.0.7/index.d.ts",
    "https://esm.sh/@types/supports-color@~7.2.1/index.d.ts": "https://esm.sh/@types/supports-color@7.2.1/index.d.ts",
    "https://esm.sh/ansi-regex@^5.0.1?target=denonext": "https://esm.sh/ansi-regex@5.0.1?target=denonext",
    "https://esm.sh/ansi-styles@^4.1.0?target=denonext": "https://esm.sh/ansi-styles@4.3.0?target=denonext",
    "https://esm.sh/ansi-styles@^5.0.0?target=denonext": "https://esm.sh/ansi-styles@5.2.0?target=denonext",
    "https://esm.sh/aria-query@^5.0.0?target=denonext": "https://esm.sh/aria-query@5.3.2?target=denonext",
    "https://esm.sh/available-typed-arrays@^1.0.7?target=denonext": "https://esm.sh/available-typed-arrays@1.0.7?target=denonext",
    "https://esm.sh/call-bind-apply-helpers@^1.0.1?target=denonext": "https://esm.sh/call-bind-apply-helpers@1.0.2?target=denonext",
    "https://esm.sh/call-bind-apply-helpers@^1.0.2/functionApply?target=denonext": "https://esm.sh/call-bind-apply-helpers@1.0.2/functionApply?target=denonext",
    "https://esm.sh/call-bind-apply-helpers@^1.0.2/functionCall?target=denonext": "https://esm.sh/call-bind-apply-helpers@1.0.2/functionCall?target=denonext",
    "https://esm.sh/call-bind-apply-helpers@^1.0.2?target=denonext": "https://esm.sh/call-bind-apply-helpers@1.0.2?target=denonext",
    "https://esm.sh/call-bind@^1.0.5/callBound?target=denonext": "https://esm.sh/call-bind@1.0.8/callBound?target=denonext",
    "https://esm.sh/call-bound@^1.0.2?target=denonext": "https://esm.sh/call-bound@1.0.4?target=denonext",
    "https://esm.sh/call-bound@^1.0.3?target=denonext": "https://esm.sh/call-bound@1.0.4?target=denonext",
    "https://esm.sh/call-bound@^1.0.4?target=denonext": "https://esm.sh/call-bound@1.0.4?target=denonext",
    "https://esm.sh/chalk@^3.0.0?target=denonext": "https://esm.sh/chalk@3.0.0?target=denonext",
    "https://esm.sh/color-convert@^2.0.1?target=denonext": "https://esm.sh/color-convert@2.0.1?target=denonext",
    "https://esm.sh/color-name@~1.1.4?target=denonext": "https://esm.sh/color-name@1.1.4?target=denonext",
    "https://esm.sh/css.escape@^1.5.1?target=denonext": "https://esm.sh/css.escape@1.5.1?target=denonext",
    "https://esm.sh/deep-equal@^2.0.5?target=denonext": "https://esm.sh/deep-equal@2.2.3?target=denonext",
    "https://esm.sh/dom-accessibility-api@^0.5.6?target=denonext": "https://esm.sh/dom-accessibility-api@0.5.16?target=denonext",
    "https://esm.sh/dom-accessibility-api@^0.5.9?target=denonext": "https://esm.sh/dom-accessibility-api@0.5.16?target=denonext",
    "https://esm.sh/dunder-proto@^1.0.1/get?target=denonext": "https://esm.sh/dunder-proto@1.0.1/get?target=denonext",
    "https://esm.sh/es-object-atoms@^1.0.0?target=denonext": "https://esm.sh/es-object-atoms@1.1.1?target=denonext",
    "https://esm.sh/es-object-atoms@^1.1.1?target=denonext": "https://esm.sh/es-object-atoms@1.1.1?target=denonext",
    "https://esm.sh/get-intrinsic@^1.2.2?target=denonext": "https://esm.sh/get-intrinsic@1.3.0?target=denonext",
    "https://esm.sh/get-intrinsic@^1.2.4?target=denonext": "https://esm.sh/get-intrinsic@1.3.0?target=denonext",
    "https://esm.sh/get-intrinsic@^1.2.5?target=denonext": "https://esm.sh/get-intrinsic@1.3.0?target=denonext",
    "https://esm.sh/get-intrinsic@^1.2.6?target=denonext": "https://esm.sh/get-intrinsic@1.3.0?target=denonext",
    "https://esm.sh/get-intrinsic@^1.3.0?target=denonext": "https://esm.sh/get-intrinsic@1.3.0?target=denonext",
    "https://esm.sh/get-proto@^1.0.1/Object.getPrototypeOf?target=denonext": "https://esm.sh/get-proto@1.0.1/Object.getPrototypeOf?target=denonext",
    "https://esm.sh/get-proto@^1.0.1/Reflect.getPrototypeOf?target=denonext": "https://esm.sh/get-proto@1.0.1/Reflect.getPrototypeOf?target=denonext",
    "https://esm.sh/get-proto@^1.0.1?target=denonext": "https://esm.sh/get-proto@1.0.1?target=denonext",
    "https://esm.sh/has-bigints@^1.0.2?target=denonext": "https://esm.sh/has-bigints@1.1.0?target=denonext",
    "https://esm.sh/has-flag@^4.0.0?target=denonext": "https://esm.sh/has-flag@4.0.0?target=denonext",
    "https://esm.sh/has-symbols@^1.0.3/shams?target=denonext": "https://esm.sh/has-symbols@1.1.0/shams?target=denonext",
    "https://esm.sh/has-tostringtag@^1.0.2/shams?target=denonext": "https://esm.sh/has-tostringtag@1.0.2/shams?target=denonext",
    "https://esm.sh/is-arguments@^1.1.1?target=denonext": "https://esm.sh/is-arguments@1.2.0?target=denonext",
    "https://esm.sh/is-bigint@^1.1.0?target=denonext": "https://esm.sh/is-bigint@1.1.0?target=denonext",
    "https://esm.sh/is-map@^2.0.3?target=denonext": "https://esm.sh/is-map@2.0.3?target=denonext",
    "https://esm.sh/is-regex@^1.1.4?target=denonext": "https://esm.sh/is-regex@1.2.1?target=denonext",
    "https://esm.sh/is-regex@^1.2.1?target=denonext": "https://esm.sh/is-regex@1.2.1?target=denonext",
    "https://esm.sh/is-set@^2.0.3?target=denonext": "https://esm.sh/is-set@2.0.3?target=denonext",
    "https://esm.sh/is-symbol@^1.1.1?target=denonext": "https://esm.sh/is-symbol@1.1.1?target=denonext",
    "https://esm.sh/is-weakmap@^2.0.2?target=denonext": "https://esm.sh/is-weakmap@2.0.2?target=denonext",
    "https://esm.sh/is-weakset@^2.0.3?target=denonext": "https://esm.sh/is-weakset@2.0.4?target=denonext",
    "https://esm.sh/isarray@^2.0.5?target=denonext": "https://esm.sh/isarray@2.0.5?target=denonext",
    "https://esm.sh/lodash@^4.17.15/isEqual?target=denonext": "https://esm.sh/lodash@4.17.21/isEqual?target=denonext",
    "https://esm.sh/lodash@^4.17.15/isEqualWith?target=denonext": "https://esm.sh/lodash@4.17.21/isEqualWith?target=denonext",
    "https://esm.sh/lodash@^4.17.15/uniq?target=denonext": "https://esm.sh/lodash@4.17.21/uniq?target=denonext",
    "https://esm.sh/lz-string@^1.5.0?target=denonext": "https://esm.sh/lz-string@1.5.0?target=denonext",
    "https://esm.sh/math-intrinsics@^1.1.0/abs?target=denonext": "https://esm.sh/math-intrinsics@1.1.0/abs?target=denonext",
    "https://esm.sh/math-intrinsics@^1.1.0/floor?target=denonext": "https://esm.sh/math-intrinsics@1.1.0/floor?target=denonext",
    "https://esm.sh/math-intrinsics@^1.1.0/max?target=denonext": "https://esm.sh/math-intrinsics@1.1.0/max?target=denonext",
    "https://esm.sh/math-intrinsics@^1.1.0/min?target=denonext": "https://esm.sh/math-intrinsics@1.1.0/min?target=denonext",
    "https://esm.sh/math-intrinsics@^1.1.0/pow?target=denonext": "https://esm.sh/math-intrinsics@1.1.0/pow?target=denonext",
    "https://esm.sh/math-intrinsics@^1.1.0/round?target=denonext": "https://esm.sh/math-intrinsics@1.1.0/round?target=denonext",
    "https://esm.sh/math-intrinsics@^1.1.0/sign?target=denonext": "https://esm.sh/math-intrinsics@1.1.0/sign?target=denonext",
    "https://esm.sh/min-indent@^1.0.0?target=denonext": "https://esm.sh/min-indent@1.0.1?target=denonext",
    "https://esm.sh/object-inspect@^1.13.3?target=denonext": "https://esm.sh/object-inspect@1.13.4?target=denonext",
    "https://esm.sh/possible-typed-array-names@^1.0.0?target=denonext": "https://esm.sh/possible-typed-array-names@1.1.0?target=denonext",
    "https://esm.sh/pretty-format@^27.0.2?target=denonext": "https://esm.sh/pretty-format@27.5.1?target=denonext",
    "https://esm.sh/react-is@^17.0.1?target=denonext": "https://esm.sh/react-is@17.0.2?target=denonext",
    "https://esm.sh/redent@^3.0.0?target=denonext": "https://esm.sh/redent@3.0.0?target=denonext",
    "https://esm.sh/safe-regex-test@^1.1.0?target=denonext": "https://esm.sh/safe-regex-test@1.1.0?target=denonext",
    "https://esm.sh/seroval-plugins@~1.3.0/web?target=denonext": "https://esm.sh/seroval-plugins@1.3.2/web?target=denonext",
    "https://esm.sh/seroval@^1.0?target=denonext": "https://esm.sh/seroval@1.3.2?target=denonext",
    "https://esm.sh/seroval@~1.3.0?target=denonext": "https://esm.sh/seroval@1.3.2?target=denonext",
    "https://esm.sh/side-channel-list@^1.0.0?target=denonext": "https://esm.sh/side-channel-list@1.0.0?target=denonext",
    "https://esm.sh/side-channel-map@^1.0.1?target=denonext": "https://esm.sh/side-channel-map@1.0.1?target=denonext",
    "https://esm.sh/side-channel-weakmap@^1.0.2?target=denonext": "https://esm.sh/side-channel-weakmap@1.0.2?target=denonext",
    "https://esm.sh/side-channel@^1.0.4?target=denonext": "https://esm.sh/side-channel@1.1.0?target=denonext",
    "https://esm.sh/solid-js@%3E=1.0.0/web?target=denonext": "https://esm.sh/solid-js@1.9.7/web?target=denonext",
    "https://esm.sh/solid-js@%3E=1.0.0?target=denonext": "https://esm.sh/solid-js@1.9.7?target=denonext",
    "https://esm.sh/strip-indent@^3.0.0?target=denonext": "https://esm.sh/strip-indent@3.0.0?target=denonext",
    "https://esm.sh/supports-color@^7.1.0?target=denonext": "https://esm.sh/supports-color@7.2.0?target=denonext",
    "https://esm.sh/which-boxed-primitive@^1.0.2?target=denonext": "https://esm.sh/which-boxed-primitive@1.1.1?target=denonext",
    "https://esm.sh/which-collection@^1.0.1?target=denonext": "https://esm.sh/which-collection@1.0.2?target=denonext",
    "https://esm.sh/which-typed-array@^1.1.13?target=denonext": "https://esm.sh/which-typed-array@1.1.19?target=denonext"
  },
  "remote": {
    "https://deno.land/std@0.132.0/fmt/colors.ts": "30455035d6d728394781c10755351742dd731e3db6771b1843f9b9e490104d37",
    "https://deno.land/std@0.132.0/testing/_diff.ts": "9d849cd6877694152e01775b2d93f9d6b7aef7e24bfe3bfafc4d7a1ac8e9f392",
    "https://deno.land/std@0.132.0/testing/asserts.ts": "b0ef969032882b1f7eb1c7571e313214baa1485f7b61cf35807b2434e254365c",
    "https://deno.land/std@0.220.0/assert/assert.ts": "bec068b2fccdd434c138a555b19a2c2393b71dfaada02b7d568a01541e67cdc5",
    "https://deno.land/std@0.220.0/assert/assert_exists.ts": "24a7bf965e634f909242cd09fbaf38bde6b791128ece08e33ab08586a7cc55c9",
    "https://deno.land/std@0.220.0/assert/assertion_error.ts": "9f689a101ee586c4ce92f52fa7ddd362e86434ffdf1f848e45987dc7689976b8",
    "https://deno.land/std@0.220.0/async/delay.ts": "8e1d18fe8b28ff95885e2bc54eccec1713f57f756053576d8228e6ca110793ad",
    "https://deno.land/std@0.220.0/cli/parse_args.ts": "a9e4ae8dbd0a96ad974d2f645af8143433103a17161a73dd5c2a03517bf6429d",
    "https://deno.land/std@0.220.0/encoding/_util.ts": "beacef316c1255da9bc8e95afb1fa56ed69baef919c88dc06ae6cb7a6103d376",
    "https://deno.land/std@0.220.0/encoding/base64.ts": "8ccae67a1227b875340a8582ff707f37b131df435b07080d3bb58e07f5f97807",
    "https://deno.land/std@0.220.0/fmt/bytes.ts": "7b294a4b9cf0297efa55acb55d50610f3e116a0ac772d1df0ae00f0b833ccd4a",
    "https://deno.land/std@0.220.0/fmt/colors.ts": "d239d84620b921ea520125d778947881f62c50e78deef2657073840b8af9559a",
    "https://deno.land/std@0.220.0/fs/_get_file_info_type.ts": "da7bec18a7661dba360a1db475b826b18977582ce6fc9b25f3d4ee0403fe8cbd",
    "https://deno.land/std@0.220.0/fs/_is_subdir.ts": "c68b309d46cc8568ed83c000f608a61bbdba0943b7524e7a30f9e450cf67eecd",
    "https://deno.land/std@0.220.0/fs/_to_path_string.ts": "29bfc9c6c112254961d75cbf6ba814d6de5349767818eb93090cecfa9665591e",
    "https://deno.land/std@0.220.0/fs/copy.ts": "dc0f68c4b6c3b090bfdb909387e309f6169b746bd713927c9507c9ef545d71f6",
    "https://deno.land/std@0.220.0/fs/ensure_dir.ts": "dffff68de0d10799b5aa9e39dec4e327e12bbd29e762292193684542648c4aeb",
    "https://deno.land/std@0.220.0/http/etag.ts": "9c120f11b2e57fdaeda28a6cf6c060a3d203e58f56e5856a717281dd0318eedc",
    "https://deno.land/std@0.220.0/http/file_server.ts": "fe0a77a4de8c3dae3afa206b4317e2dce0b497252fb7319bf7febd6e65fded80",
    "https://deno.land/std@0.220.0/http/server.ts": "cc8ae0de927c3afc855466b89bf9a7a3196223f47f2723e218912c6ca3eb166c",
    "https://deno.land/std@0.220.0/http/status.ts": "ed61b4882af2514a81aefd3245e8df4c47b9a8e54929a903577643d2d1ebf514",
    "https://deno.land/std@0.220.0/media_types/_db.ts": "19563a2491cd81b53b9c1c6ffd1a9145c355042d4a854c52f6e1424f73ff3923",
    "https://deno.land/std@0.220.0/media_types/_util.ts": "97fadcdfc82fdb02da87efb0fcd3171b0004fb810284114e9d0914a7c4a0b7e5",
    "https://deno.land/std@0.220.0/media_types/content_type.ts": "ed3f2e1f243b418ad3f441edc95fd92efbadb0f9bde36219c7564c67f9639513",
    "https://deno.land/std@0.220.0/media_types/format_media_type.ts": "ffef4718afa2489530cb94021bb865a466eb02037609f7e82899c017959d288a",
    "https://deno.land/std@0.220.0/media_types/get_charset.ts": "277ebfceb205bd34e616fe6764ef03fb277b77f040706272bea8680806ae3f11",
    "https://deno.land/std@0.220.0/media_types/parse_media_type.ts": "487f000a38c230ccbac25420a50f600862e06796d0eee19d19631b9e84ee9654",
    "https://deno.land/std@0.220.0/media_types/type_by_extension.ts": "bf4e3f5d6b58b624d5daa01cbb8b1e86d9939940a77e7c26e796a075b60ec73b",
    "https://deno.land/std@0.220.0/media_types/vendor/mime-db.v1.52.0.ts": "0218d2c7d900e8cd6fa4a866e0c387712af4af9a1bae55d6b2546c73d273a1e6",
    "https://deno.land/std@0.220.0/path/_common/assert_path.ts": "dbdd757a465b690b2cc72fc5fb7698c51507dec6bfafce4ca500c46b76ff7bd8",
    "https://deno.land/std@0.220.0/path/_common/basename.ts": "569744855bc8445f3a56087fd2aed56bdad39da971a8d92b138c9913aecc5fa2",
    "https://deno.land/std@0.220.0/path/_common/constants.ts": "dc5f8057159f4b48cd304eb3027e42f1148cf4df1fb4240774d3492b5d12ac0c",
    "https://deno.land/std@0.220.0/path/_common/from_file_url.ts": "d672bdeebc11bf80e99bf266f886c70963107bdd31134c4e249eef51133ceccf",
    "https://deno.land/std@0.220.0/path/_common/normalize.ts": "684df4aa71a04bbcc346c692c8485594fc8a90b9408dfbc26ff32cf3e0c98cc8",
    "https://deno.land/std@0.220.0/path/_common/normalize_string.ts": "33edef773c2a8e242761f731adeb2bd6d683e9c69e4e3d0092985bede74f4ac3",
    "https://deno.land/std@0.220.0/path/_common/relative.ts": "faa2753d9b32320ed4ada0733261e3357c186e5705678d9dd08b97527deae607",
    "https://deno.land/std@0.220.0/path/_common/strip_trailing_separators.ts": "7024a93447efcdcfeaa9339a98fa63ef9d53de363f1fbe9858970f1bba02655a",
    "https://deno.land/std@0.220.0/path/_os.ts": "8fb9b90fb6b753bd8c77cfd8a33c2ff6c5f5bc185f50de8ca4ac6a05710b2c15",
    "https://deno.land/std@0.220.0/path/basename.ts": "5d341aadb7ada266e2280561692c165771d071c98746fcb66da928870cd47668",
    "https://deno.land/std@0.220.0/path/constants.ts": "0c206169ca104938ede9da48ac952de288f23343304a1c3cb6ec7625e7325f36",
    "https://deno.land/std@0.220.0/path/extname.ts": "593303db8ae8c865cbd9ceec6e55d4b9ac5410c1e276bfd3131916591b954441",
    "https://deno.land/std@0.220.0/path/from_file_url.ts": "911833ae4fd10a1c84f6271f36151ab785955849117dc48c6e43b929504ee069",
    "https://deno.land/std@0.220.0/path/join.ts": "ae2ec5ca44c7e84a235fd532e4a0116bfb1f2368b394db1c4fb75e3c0f26a33a",
    "https://deno.land/std@0.220.0/path/posix/_util.ts": "1e3937da30f080bfc99fe45d7ed23c47dd8585c5e473b2d771380d3a6937cf9d",
    "https://deno.land/std@0.220.0/path/posix/basename.ts": "d2fa5fbbb1c5a3ab8b9326458a8d4ceac77580961b3739cd5bfd1d3541a3e5f0",
    "https://deno.land/std@0.220.0/path/posix/extname.ts": "e398c1d9d1908d3756a7ed94199fcd169e79466dd88feffd2f47ce0abf9d61d2",
    "https://deno.land/std@0.220.0/path/posix/from_file_url.ts": "951aee3a2c46fd0ed488899d024c6352b59154c70552e90885ed0c2ab699bc40",
    "https://deno.land/std@0.220.0/path/posix/join.ts": "7fc2cb3716aa1b863e990baf30b101d768db479e70b7313b4866a088db016f63",
    "https://deno.land/std@0.220.0/path/posix/normalize.ts": "baeb49816a8299f90a0237d214cef46f00ba3e95c0d2ceb74205a6a584b58a91",
    "https://deno.land/std@0.220.0/path/posix/relative.ts": "3907d6eda41f0ff723d336125a1ad4349112cd4d48f693859980314d5b9da31c",
    "https://deno.land/std@0.220.0/path/posix/resolve.ts": "08b699cfeee10cb6857ccab38fa4b2ec703b0ea33e8e69964f29d02a2d5257cf",
    "https://deno.land/std@0.220.0/path/relative.ts": "ab739d727180ed8727e34ed71d976912461d98e2b76de3d3de834c1066667add",
    "https://deno.land/std@0.220.0/path/resolve.ts": "a6f977bdb4272e79d8d0ed4333e3d71367cc3926acf15ac271f1d059c8494d8d",
    "https://deno.land/std@0.220.0/path/windows/_util.ts": "d5f47363e5293fced22c984550d5e70e98e266cc3f31769e1710511803d04808",
    "https://deno.land/std@0.220.0/path/windows/basename.ts": "e2dbf31d1d6385bfab1ce38c333aa290b6d7ae9e0ecb8234a654e583cf22f8fe",
    "https://deno.land/std@0.220.0/path/windows/extname.ts": "165a61b00d781257fda1e9606a48c78b06815385e7d703232548dbfc95346bef",
    "https://deno.land/std@0.220.0/path/windows/from_file_url.ts": "ced2d587b6dff18f963f269d745c4a599cf82b0c4007356bd957cb4cb52efc01",
    "https://deno.land/std@0.220.0/path/windows/join.ts": "8d03530ab89195185103b7da9dfc6327af13eabdcd44c7c63e42e27808f50ecf",
    "https://deno.land/std@0.220.0/path/windows/normalize.ts": "78126170ab917f0ca355a9af9e65ad6bfa5be14d574c5fb09bb1920f52577780",
    "https://deno.land/std@0.220.0/path/windows/relative.ts": "3e1abc7977ee6cc0db2730d1f9cb38be87b0ce4806759d271a70e4997fc638d7",
    "https://deno.land/std@0.220.0/path/windows/resolve.ts": "8dae1dadfed9d46ff46cc337c9525c0c7d959fb400a6308f34595c45bdca1972",
    "https://deno.land/std@0.220.0/streams/byte_slice_stream.ts": "5bbdcadb118390affa9b3d0a0f73ef8e83754f59bb89df349add669dd9369713",
    "https://deno.land/std@0.220.0/version.ts": "7fc66e888e7b173573311e9f3f3a0eb1e6dc0212b822971f0fe2cf5fff5e7dc1",
    "https://esm.sh/@adobe/css-tools@4.4.3/denonext/css-tools.mjs": "a7e9c11100bc8fd3758a9fcee55f3be8c6e354124116dc0c43cefb3107b8fbd9",
    "https://esm.sh/@adobe/css-tools@4.4.3?target=denonext": "c320bc77e7f3ca4e958af740cb0ed9330daa45ed3073a51ad94a36f5747588a3",
    "https://esm.sh/@testing-library/dom@8.20.1/denonext/dom.mjs": "6a47ecaa3c5d936675ca702808fdbd81e747faada598f4701280857630a5f98e",
    "https://esm.sh/@testing-library/dom@8.20.1?target=denonext": "011fbb1a60fc4cdda9459363257550fe8cb326f124eed3dd88fbd967a329ad96",
    "https://esm.sh/@testing-library/jest-dom@6.1.5": "6ecbd6be2c8df185440b19e9ddeaf122f853b31eb86c06effce73fea34c92ce8",
    "https://esm.sh/@testing-library/jest-dom@6.1.5/denonext/dist/matchers-fa50de34.mjs": "4ed3d23f310d5ffa36afdc60d9f7cf5857b32d004dac75d923680f9c47d67fa1",
    "https://esm.sh/@testing-library/jest-dom@6.1.5/denonext/jest-dom.mjs": "b95c64c628a538e125ed584d7154c1cb8aa51d254f4a8f6bd4141613ecd9d55b",
    "https://esm.sh/ansi-regex@5.0.1/denonext/ansi-regex.mjs": "657078ebd509ad0609bd50cbe926c87ff54cff769136dfc050ffb3f63b5fb8e3",
    "https://esm.sh/ansi-regex@5.0.1?target=denonext": "cef49c3f2a9750f63aa4c70f2037a34036d08ad61d7f6da2a774d6ef6090b05c",
    "https://esm.sh/ansi-styles@4.3.0/denonext/ansi-styles.mjs": "f92a2a6ff9a3548ef9824c2ed7b054025df3a0fd1ce0f19455d61e656bc88e07",
    "https://esm.sh/ansi-styles@4.3.0?target=denonext": "449ddfe9f05b1d7c660166e044832eceaaca61f37b0ea3180aff9439227fe63e",
    "https://esm.sh/ansi-styles@5.2.0/denonext/ansi-styles.mjs": "ce79e9ce88164eab82ecef3de86d7bc1ad9386964bd196d6891edc697bc3cbad",
    "https://esm.sh/ansi-styles@5.2.0?target=denonext": "b71334924fd0368f27f7392d49b6b34d0126e5e9563a19627249ae6d798bc836",
    "https://esm.sh/aria-query@5.1.3/denonext/aria-query.mjs": "8a4fe7717a1597d3c6f18ed8dc2f54d3cee17be439eb0cff8e3f7c4500cd69b3",
    "https://esm.sh/aria-query@5.3.2/denonext/aria-query.mjs": "d22e052e998ed22591cc194d88d9bd5b683acb187cc54fc3848c59e952cf860d",
    "https://esm.sh/aria-query@5.3.2?target=denonext": "5799a20d79dbb0411d551d782ec783ea1e6608f91e63689b0bfdddd2df5e683d",
    "https://esm.sh/available-typed-arrays@1.0.7/denonext/available-typed-arrays.mjs": "93182ca5316fb57d1aba1c4948c9344fd637f1e1f033dd375f1bfb6c2bc56825",
    "https://esm.sh/available-typed-arrays@1.0.7?target=denonext": "3ec1ac199dfd2461bd45f3b1f43ccb0040e974a2744b45e1b161583a3bb6efbf",
    "https://esm.sh/call-bind-apply-helpers@1.0.2/denonext/actualApply.mjs": "e40dd22950f5eb996a325283de44db908753de3396f81ca4b4b186809ec7404b",
    "https://esm.sh/call-bind-apply-helpers@1.0.2/denonext/call-bind-apply-helpers.mjs": "1c096a11476850297224ad825a8e505c23fcc555a8474e929897f8d799fef30b",
    "https://esm.sh/call-bind-apply-helpers@1.0.2/denonext/functionApply.mjs": "20d90adbc9be9d9b51fe4fe1019f8bd1d0823f27a2557eed275b9e44c07260c5",
    "https://esm.sh/call-bind-apply-helpers@1.0.2/denonext/functionCall.mjs": "b36700f863bccd6667f66bfdc7cd9a252129cb203bf5eef59bf29046b9da1467",
    "https://esm.sh/call-bind-apply-helpers@1.0.2/denonext/reflectApply.mjs": "ad4d25d2a301d5d1701b908c50aa229ff4b5e62f05136d3828f1a26d5dc901f6",
    "https://esm.sh/call-bind-apply-helpers@1.0.2/functionApply?target=denonext": "62c4f7ef478c97ef7b1ba0e303d61df3cb4a1df4317b606e43b655f0e4219c43",
    "https://esm.sh/call-bind-apply-helpers@1.0.2/functionCall?target=denonext": "4366685652c948d1c2ca5264d496bb739f52ee5860950a1496e5214759135cc8",
    "https://esm.sh/call-bind-apply-helpers@1.0.2?target=denonext": "905e972ffcd24bdbceda3bc3208a2102b1ba8ebc2e74e55e42433ad17e1e455e",
    "https://esm.sh/call-bind@1.0.8/callBound?target=denonext": "2d34fc53a84745669333f9a56dcf83cc6aa766a9171e5c3c196284b199180559",
    "https://esm.sh/call-bind@1.0.8/denonext/callBound.mjs": "32b632bcfb8e91bccb38571f71f21b1e9a7d970add5b92ffab6cab0827413adb",
    "https://esm.sh/call-bound@1.0.4/denonext/call-bound.mjs": "08fb5feeb1c0e871cfd19912759ea62b7023bac1d443ffb498f3968082bb3711",
    "https://esm.sh/call-bound@1.0.4?target=denonext": "8861d775f1c2f685b8985662bfc0eb9037cef7c41c7ee39ae49306662933cc67",
    "https://esm.sh/chalk@3.0.0/denonext/chalk.mjs": "11e4ede3b817e01e0a7c8b12c776824e1dd3129a0c61354db1e94522e6f432d3",
    "https://esm.sh/chalk@3.0.0?target=denonext": "1cf164a9d610c62d1b81cbbac695b84ea775861f5ca93cf739cf71cdeb5b0cb9",
    "https://esm.sh/color-convert@2.0.1/denonext/color-convert.mjs": "37574fd691311f042bb20d0334c13b2b7e5374b25d86911cdea6ae965800cb1b",
    "https://esm.sh/color-convert@2.0.1?target=denonext": "df6d07b59fbe52a096d8aea9e79fc32b693e9dd9666054b4566cbad4d48c62fe",
    "https://esm.sh/color-name@1.1.4/denonext/color-name.mjs": "3b5b10fc0cd9f96d56c81cc7559a2106ff64a401a8100cd33e1f4b68e677c562",
    "https://esm.sh/color-name@1.1.4?target=denonext": "55709266f414e5115ac52d6831ba4951f7c8b9ac663f0f79ddc8ed782b4fb735",
    "https://esm.sh/css.escape@1.5.1/denonext/css.escape.mjs": "0322afdf634b04dead3b6da76d7d02e7373afbf3b894a094787c189a91200714",
    "https://esm.sh/css.escape@1.5.1?target=denonext": "ad77e422986b347b44449bcd2d59de8fb868d40c76b1d230408943dc77585a8b",
    "https://esm.sh/deep-equal@2.2.3/denonext/deep-equal.mjs": "b48d866e5df8a141481f6d3bcf915d6431aa851df957236b846826d88acbbeed",
    "https://esm.sh/deep-equal@2.2.3?target=denonext": "2a3e3775feb462a36c0e323fa98005b489264e85e85407b2560011ea45c694c6",
    "https://esm.sh/dom-accessibility-api@0.5.16/denonext/dom-accessibility-api.mjs": "8929e35f80f317aa7ad976229f439fc29a00edd1048091bbe7751afb103fc8f8",
    "https://esm.sh/dom-accessibility-api@0.5.16?target=denonext": "9352cc8ce716379974d7fda5d4649058815e5a711b572dbe35cedd885b78eb23",
    "https://esm.sh/dunder-proto@1.0.1/denonext/get.mjs": "8249c9d4dfb0c1f5ee60df6588c77153a4da927b2759e7059b4124c69a8e9223",
    "https://esm.sh/dunder-proto@1.0.1/get?target=denonext": "13d001daa54e39c69fe8034e0f54ecf326c1b44fcdf005b47a16087c535ee15e",
    "https://esm.sh/es-object-atoms@1.1.1/denonext/es-object-atoms.mjs": "002f305a1112ee598445ab88204560f9e3e1595d4086d4b044d845364df196d1",
    "https://esm.sh/es-object-atoms@1.1.1?target=denonext": "42f0f1f77d6dc7e20b9510cd914b97e8f20c57c218bccd433292a9d86a7f2123",
    "https://esm.sh/get-intrinsic@1.3.0/denonext/get-intrinsic.mjs": "ce0f31ce994cbac65ff02fade1bee729faf9a8a3fac8b0e85a779b0a6538fc41",
    "https://esm.sh/get-intrinsic@1.3.0?target=denonext": "d00c740437013cacdbb731340b56585ab4b0f8da1aa6c6e904c8d8bfbee11203",
    "https://esm.sh/get-proto@1.0.1/Object.getPrototypeOf?target=denonext": "07ea2fdda9026eb3b7e18eff95a1314a82db3b37efd0e4a1b7bd91c454bfd492",
    "https://esm.sh/get-proto@1.0.1/Reflect.getPrototypeOf?target=denonext": "08346568b8d1b2532dfff0affbb99b0400960313cb1b350969f9ca1f889ac700",
    "https://esm.sh/get-proto@1.0.1/denonext/Object.getPrototypeOf.mjs": "d62989d14e99b23a7604030f5b2c176b55067bd790d9056fd7b8a7f324c13c62",
    "https://esm.sh/get-proto@1.0.1/denonext/Reflect.getPrototypeOf.mjs": "4b884fb35dbdc6b2a67708f195cf46435514a7eb3930578453176aafe59d49fe",
    "https://esm.sh/get-proto@1.0.1/denonext/get-proto.mjs": "0e4ddb145c883b3f941aeba555feb48b9f177838d070449782265daf59b77377",
    "https://esm.sh/get-proto@1.0.1?target=denonext": "fa3e52250f16f485da729565f1f41dcbb23edeb64420db0146e374cc835c9b04",
    "https://esm.sh/has-bigints@1.1.0/denonext/has-bigints.mjs": "37c62b6fd1536b115074ec760b76c0d649ce43ef20003b0af5833e4a99ce649c",
    "https://esm.sh/has-bigints@1.1.0?target=denonext": "59a181127502d0edd62f22b642c8eab903b37c3afc5f385c3e0ef79dca396a50",
    "https://esm.sh/has-flag@4.0.0/denonext/has-flag.mjs": "f0b7a96d6f0fb511a4394b68e679a0c4ff6f2dd6762c178846ca117d29d0dbd3",
    "https://esm.sh/has-flag@4.0.0?target=denonext": "f0fce90fca2a5c1b7ef038d0426f5d0145938585dd061e5413d078747913d48b",
    "https://esm.sh/has-symbols@1.1.0/denonext/shams.mjs": "a026dbb4ac54230b9852c03890c8f3df352a7e5a77dac1ce9cfbf1d070b94f5e",
    "https://esm.sh/has-symbols@1.1.0/shams?target=denonext": "150a0ff4b0ec96844b78c283eb95d034b0e46283b9d843833d40fc094f072b82",
    "https://esm.sh/has-tostringtag@1.0.2/denonext/shams.mjs": "18aeee6c2845e12dabf52876a3b8d1ae201313270623dae7014151bd218ddbe8",
    "https://esm.sh/has-tostringtag@1.0.2/shams?target=denonext": "a2ab504d7b21cf47d222033eec8e8517d56d9681a55517e9a9e2e41e52208bcb",
    "https://esm.sh/is-arguments@1.2.0/denonext/is-arguments.mjs": "ce5a4a3638ccca0bc70531c6c9335682e3f075841cd9984e2e2468ee99824872",
    "https://esm.sh/is-arguments@1.2.0?target=denonext": "e3058fd0c1dfdc5b0000498df25088d73da2465d8402046d224f603a78cd3522",
    "https://esm.sh/is-bigint@1.1.0/denonext/is-bigint.mjs": "ee8decb11884e6ddc2fe8c4bf7249e18fee09140fd7c47398877acab6994196b",
    "https://esm.sh/is-bigint@1.1.0?target=denonext": "9fc16360ece52add6b5aff061717e1306f3e2f9c743701afcfd8c31bf1d1d2cb",
    "https://esm.sh/is-map@2.0.3/denonext/is-map.mjs": "01395ffe604ffc6a1aee02cfe03d9fe1b17f7d41039fdee584878fe50c8794b9",
    "https://esm.sh/is-map@2.0.3?target=denonext": "901b77964bd87b06429f376e72acc4cb810c93003d28ff092a2321ff48e47d19",
    "https://esm.sh/is-regex@1.2.1/denonext/is-regex.mjs": "64552425db43a7b161e9d02add119e8defe730180685ee03d4b7a9f56e46db05",
    "https://esm.sh/is-regex@1.2.1?target=denonext": "d3c2875b72caaaf1f06223a370409ec2f2c66f6839e5b249d0a1ca62bd8f8ce7",
    "https://esm.sh/is-set@2.0.3/denonext/is-set.mjs": "4c23a4e0f1e859825935c5a9de607108d0285353836066bbc1dbe60154e2c5dd",
    "https://esm.sh/is-set@2.0.3?target=denonext": "d544fa3f4115b5c0bc626c468ae25a1282a40cc8bcd46e86e6b8fea6e399941b",
    "https://esm.sh/is-symbol@1.1.1/denonext/is-symbol.mjs": "3c29f1958441a254cbd984a4c2f5c936edf93da1a2fd40d33b4d8dd5e11191c6",
    "https://esm.sh/is-symbol@1.1.1?target=denonext": "d3a826f8a2be3baa8cf1f8a44611a8c8ef8d7ffdd787a6524faab716d222028d",
    "https://esm.sh/is-weakmap@2.0.2/denonext/is-weakmap.mjs": "ea30e6eac2b0bc04aefcd80573af334d0c10925b8890079ab108aee6624da07e",
    "https://esm.sh/is-weakmap@2.0.2?target=denonext": "36dcce4c14bda9b0b7a551175ca30cc458feb5a07fda7f039e054fc5abf344de",
    "https://esm.sh/is-weakset@2.0.4/denonext/is-weakset.mjs": "0eac8f298792953efd2472370ca31bb2385c47dcf5ece0b7e3b0a1fd82bc4d00",
    "https://esm.sh/is-weakset@2.0.4?target=denonext": "a29931b9aa4385046035574827946965be616f9390dce529757472e236837080",
    "https://esm.sh/isarray@2.0.5/denonext/isarray.mjs": "99995394a19b90a4f0679cd6c51f188a78da023371ca0b1fc8468cd46bd7b018",
    "https://esm.sh/isarray@2.0.5?target=denonext": "db340528d5ca21d1b697849110aad907ef4918ff28c477fb2f82282e392067bc",
    "https://esm.sh/lodash@4.17.21/denonext/isEqual.mjs": "5883e51d88eb007f91ceeb564e8c9fe7c3b919e930af21d747866e2cf09f97db",
    "https://esm.sh/lodash@4.17.21/denonext/isEqualWith.mjs": "99e42e79d7df9ce1e11b7f610d5e35fa460a2a1aa3024e47cc9e08e0521440ae",
    "https://esm.sh/lodash@4.17.21/denonext/uniq.mjs": "4d87adf8b34de2511f2bef90b0a4cbceb979921609555cecf99fd35c1837344b",
    "https://esm.sh/lodash@4.17.21/isEqual?target=denonext": "20ed9008064657e4315fc6a09cec880f3e958e249d7aac44c89356875102802c",
    "https://esm.sh/lodash@4.17.21/isEqualWith?target=denonext": "c267c20fbc4f778d6665618b645522d8ef5eab8ec651704a5f4f220c33ee650b",
    "https://esm.sh/lodash@4.17.21/uniq?target=denonext": "8211b322f4c24ed84abd37eb1affd1bd3552b3f33b1c40a6492c19df9e5b2e5c",
    "https://esm.sh/lz-string@1.5.0/denonext/lz-string.mjs": "f78a7f5bd28b50ba96fd7bd0ecf8cdeffef3a9f0ec430519e6a993b887fb0e9b",
    "https://esm.sh/lz-string@1.5.0?target=denonext": "dea8909e240e2de1893fbd1b5740570560bae6ceda48e584b57d6728b51910fc",
    "https://esm.sh/math-intrinsics@1.1.0/abs?target=denonext": "b43b9b3996b29cda49a1ad6d71b876095144b3252c761b4338e8870e5073542e",
    "https://esm.sh/math-intrinsics@1.1.0/denonext/abs.mjs": "08304368394a36ee89a52def8a533da1f7c602891647a3e10543a8bbdb746c8b",
    "https://esm.sh/math-intrinsics@1.1.0/denonext/floor.mjs": "c5e41bb95fa47641ca012faa0a093eef6401d3ace4479a85e39cf726eb184785",
    "https://esm.sh/math-intrinsics@1.1.0/denonext/isNaN.mjs": "4c0aa9576873f1a60fc724bf6a7959ae3eb30e6b002aa3a94a00f6d071ae4fb2",
    "https://esm.sh/math-intrinsics@1.1.0/denonext/max.mjs": "d7b63113695c5fef18e6c505fb0db439cefefe5d6578283207bbed54287c53e9",
    "https://esm.sh/math-intrinsics@1.1.0/denonext/min.mjs": "445c0cbc6acecab1076657ce2b3ce8783b6bd7ec638b76b128dae98a92a9876a",
    "https://esm.sh/math-intrinsics@1.1.0/denonext/pow.mjs": "b15d61336938ae7d84cd9e223509cb576cc2b89a34ec678889c6cdc82bfdd45c",
    "https://esm.sh/math-intrinsics@1.1.0/denonext/round.mjs": "a96681000e62bc8c0ff3582a77981fc88fa3034ed5bb85b3e1a15047eeb954b6",
    "https://esm.sh/math-intrinsics@1.1.0/denonext/sign.mjs": "323a0314efc3a9892beebf5cdd3b6a1d71986821b58548b3a593f8103e4c49b0",
    "https://esm.sh/math-intrinsics@1.1.0/floor?target=denonext": "58bd34b24e7c69b79e09243ed99bf0aa35e0423524c5d6f3986d46f72b19cdab",
    "https://esm.sh/math-intrinsics@1.1.0/max?target=denonext": "67e6a93d9f2dd0eb70967013abd67be262b7651e05c4384c9899621ed29db5bb",
    "https://esm.sh/math-intrinsics@1.1.0/min?target=denonext": "869cb45f08e5642671cb4e0078b73fae5e767656e7ab86a208ca721d67b42fb1",
    "https://esm.sh/math-intrinsics@1.1.0/pow?target=denonext": "4f42df7a6c0593efdb1edb840affe3a464884ac3287fa18b03810021ee55a5fb",
    "https://esm.sh/math-intrinsics@1.1.0/round?target=denonext": "635d454d1f3fe901ab84dc7508ca8ba90825085b051278f083986ab8d763e675",
    "https://esm.sh/math-intrinsics@1.1.0/sign?target=denonext": "67eede9463cdb90393f9e449e8d6d59283db42ff1793fc381292a5612e535cfe",
    "https://esm.sh/min-indent@1.0.1/denonext/min-indent.mjs": "5f5aa7e8bd3ca6578ae3ac74f0b16c60348d92991ba58f524aa8aefed61ffdc9",
    "https://esm.sh/min-indent@1.0.1?target=denonext": "3c5d46208a02bdbeab7b96d50fefeb4bfc37e294475c5e91b848c03f4383030d",
    "https://esm.sh/object-inspect@1.13.4/denonext/object-inspect.mjs": "45c312125d1f5469db2840085ce40fa3fbaab81bebcb4b2f79153f9eeaa05230",
    "https://esm.sh/object-inspect@1.13.4?target=denonext": "426a13b7cd2fb610060e1d943f1ae802ef3873c2055b80dd75b39fddcb5b91f9",
    "https://esm.sh/possible-typed-array-names@1.1.0/denonext/possible-typed-array-names.mjs": "6097346baff73237bd5769588fbe49b005f037afe44d197bd22bcf950436cb74",
    "https://esm.sh/possible-typed-array-names@1.1.0?target=denonext": "4fa6a037595f6e4b2de2f50b4de0239292a632e1216aff51ce7e4a5dc176c0e3",
    "https://esm.sh/pretty-format@27.5.1/denonext/ConvertAnsi.mjs": "a6b572a445a3d6288735415ba14226d5a41ea93db375454ee3246a9e8fdb739b",
    "https://esm.sh/pretty-format@27.5.1/denonext/pretty-format.mjs": "a0691f159ace8b55c47b24506aec3988013996153a2bccce199f5fb262daa922",
    "https://esm.sh/pretty-format@27.5.1?target=denonext": "f116b5d81ed25aa4995c737ed29dc32d1ff497ee382308eb52408a98a51e5024",
    "https://esm.sh/react-is@17.0.2/denonext/react-is.mjs": "6b144222bce64ee266c22c6c06d7620f948997404e9bf285c48ee265446193d5",
    "https://esm.sh/react-is@17.0.2?target=denonext": "d8b7baf6cea6e132411aa2e4d69366fe0b7c911c7481d31f790b8f159311c7a3",
    "https://esm.sh/redent@3.0.0/denonext/redent.mjs": "3ef63f43b9166d3ac39c44bbc86a782e85f301841172601c76b23791533be7de",
    "https://esm.sh/redent@3.0.0?target=denonext": "1456858e4a2d7e498f2d4a94f4d8c436037b981f9bd5567b43cb96a6a6a601f9",
    "https://esm.sh/safe-regex-test@1.1.0/denonext/safe-regex-test.mjs": "7be02b42130e35dabef8185731e08456a45dee257d000220f8aa86c65d6865e9",
    "https://esm.sh/safe-regex-test@1.1.0?target=denonext": "dd74b9fee07e99eb68a3556f14dffaae7603f40873fd9d8945505c18d8c80733",
    "https://esm.sh/seroval-plugins@1.3.2/denonext/web.mjs": "57c0b5af960990080dfb2e984a1d5f34814564dd90ea3746edca45dfbc96e20c",
    "https://esm.sh/seroval-plugins@1.3.2/web?target=denonext": "2b5978930bce07fb8d3deaa447f3e0f66f200372f2d5c72ee1bbdac9ad021a0c",
    "https://esm.sh/seroval@1.3.2/denonext/seroval.mjs": "d9d004bc19bd020870d312ca4eab99f649e16981d0418eedff94897a3297d930",
    "https://esm.sh/seroval@1.3.2?target=denonext": "42a256e27ebc299bb58978c66753fb6631b1e07bc3ee052388f504f4d38895b4",
    "https://esm.sh/side-channel-list@1.0.0/denonext/side-channel-list.mjs": "615fd6bc8c12cf76f305e9037fa5d9c68683b513f05c28b282d6b6158b08fa00",
    "https://esm.sh/side-channel-list@1.0.0?target=denonext": "aa5947fc9e50ab024e202112fe8cbe16726adf354252de20c040258214c75ea5",
    "https://esm.sh/side-channel-map@1.0.1/denonext/side-channel-map.mjs": "5c6c38348826aa2b41eb5654fff235ae06a06c6f0b02ad736b6f226704d7043a",
    "https://esm.sh/side-channel-map@1.0.1?target=denonext": "8b59be4ffd58b5654971b600ca894755e9277c9be88dbfcc5673b2e85d8d30ec",
    "https://esm.sh/side-channel-weakmap@1.0.2/denonext/side-channel-weakmap.mjs": "5bee9551eadb611a71937950a614bd9d46ca5139afbb20e28321c1704953b367",
    "https://esm.sh/side-channel-weakmap@1.0.2?target=denonext": "f6ca783896c64a8ca09f483a7809e053e4e31b1569b5c5251ed5813561330dfe",
    "https://esm.sh/side-channel@1.1.0/denonext/side-channel.mjs": "2b14f5c6f2fc136405c1bda1897e81a87993ee525b4eff74232b8e6cacf9b759",
    "https://esm.sh/side-channel@1.1.0?target=denonext": "af0b34fab98933edb9b50119e3383d0f2df5451b179ded5e92007d6f773d12e2",
    "https://esm.sh/solid-js@1.7.11": "fc757b4812bec7a954a3ac72d083e00178cd17acc219a429de8271af0c1b0729",
    "https://esm.sh/solid-js@1.7.11/denonext/solid-js.mjs": "75d67f446068b9a6036de24fa2232f5e7610ba48a56e1ea361b9790db43854f0",
    "https://esm.sh/solid-js@1.9.7/denonext/solid-js.mjs": "fb04c1984a2af67eb2a2c9196cc927b28686486245e2272579c9b577b67fbdd7",
    "https://esm.sh/solid-js@1.9.7/denonext/web.mjs": "7378eb9b4a75c231249168f6b9523c11077c1b4eb6c10cc2a5b54152669b58db",
    "https://esm.sh/solid-js@1.9.7/web?target=denonext": "842b8115b2d6cb3212b6c98f564fdcbd55a82144d715dbc42e3ddca8a662e71a",
    "https://esm.sh/solid-js@1.9.7?target=denonext": "4c546691a4836fe803ed723d57d9e313aac2f083ea43c322705ae8c2ccaa9fdc",
    "https://esm.sh/solid-testing-library@0.5.0": "11f4c33b573d34aa5120f548e2495810e8f9855931e36b24b6ba34c603ab7d9b",
    "https://esm.sh/solid-testing-library@0.5.0/denonext/solid-testing-library.mjs": "5006fac8ba8634d685fac93f2c889fc910a97d38c9f475a52f810069d47f7204",
    "https://esm.sh/strip-indent@3.0.0/denonext/strip-indent.mjs": "6f98bd43992066715903f99c33bd3a445a9ff6c3c02b595a06b36871d2ea70a8",
    "https://esm.sh/strip-indent@3.0.0?target=denonext": "cfbac149480e55ca7ee9a023b26935f90dd654ceadc9888c252f493a99b268c7",
    "https://esm.sh/supports-color@7.2.0/denonext/supports-color.mjs": "d8c81b9a742783a5dcecb2d6c301de5bed4459113bdcee41175aa7fdbe812443",
    "https://esm.sh/supports-color@7.2.0?target=denonext": "e161939e3c5a2e8adc3edc8de038fa9e4c0d9df41e1ca1ee42e60d209c7a9b4a",
    "https://esm.sh/which-boxed-primitive@1.1.1/denonext/which-boxed-primitive.mjs": "e98aad32d6663a8a1ad3f2f464c48c9dced7e5b5452ae0bfe461116082c101d1",
    "https://esm.sh/which-boxed-primitive@1.1.1?target=denonext": "b92aeb921a1e6b732df840b08a1491248e0b13f130987a6d2fdaa997e14200a3",
    "https://esm.sh/which-collection@1.0.2/denonext/which-collection.mjs": "33bedcac814cda342f62acd5443c4ad4990cba79b645ee2662012b5e2783db35",
    "https://esm.sh/which-collection@1.0.2?target=denonext": "b491ef91390fd422b61388afaa6069273184d76d3b1b6c97eb4c6b6820d1b960",
    "https://esm.sh/which-typed-array@1.1.19/denonext/which-typed-array.mjs": "2325d0679e008b512f2f39eb1b25b54c4a53e707285baea127ff02afa5cd415d",
    "https://esm.sh/which-typed-array@1.1.19?target=denonext": "96f61789c33d211fecfbcf9e23d5c0af6d2c1346fd3d5652a8745e92dd0e2853"
  },
  "workspace": {
    "packageJson": {
      "dependencies": [
        "npm:@clerk/clerk-js@^4.50.0",
        "npm:@pandacss/dev@0.15",
        "npm:@park-ui/panda-preset@0.20",
        "npm:@rsbuild/core@0.2",
        "npm:@rsbuild/plugin-solid@0.2",
        "npm:@rsdoctor/core@0.1",
        "npm:@rslib/core@0.1",
        "npm:@rspack/cli@0.3",
        "npm:@rspress/core@1",
        "npm:@solid-primitives/i18n@2",
        "npm:@tanstack/solid-query@^4.29.1",
        "npm:@tanstack/solid-store@0.2",
        "npm:@tanstack/solid-table@^8.10.0",
        "npm:@tanstack/solid-virtual@3",
        "npm:@testing-library/jest-dom@6",
        "npm:@types/jest@^29.5.0",
        "npm:@types/node@20",
        "npm:@typescript-eslint/eslint-plugin@6",
        "npm:@typescript-eslint/parser@6",
        "npm:convex@1",
        "npm:date-fns@^2.30.0",
        "npm:eslint-config-prettier@9",
        "npm:eslint-plugin-solid@0.13",
        "npm:eslint@^8.45.0",
        "npm:husky@^8.0.3",
        "npm:jest-environment-jsdom@^29.5.0",
        "npm:jest@^29.5.0",
        "npm:lint-staged@14",
        "npm:prettier@3",
        "npm:solid-js@^1.7.11",
        "npm:solid-testing-library@0.5",
        "npm:ts-jest@^29.1.0",
        "npm:ts-node@^10.9.1",
        "npm:typescript@^5.1.6",
        "npm:zustand@^4.4.1"
      ]
    }
  }
}
