{
  "version": "5",
  "remote": {
    "https://deno.land/std@0.224.0/assert/_constants.ts": "a271e8ef5a573f1df8e822a6eb9d09df064ad66a4390f21b3e31f820a38e0975",
    "https://deno.land/std@0.224.0/assert/assert_equals.ts": "3bbca947d85b9d374a108687b1a8ba3785a7850436b5a8930d81f34a32cb8c74",
    "https://deno.land/std@0.224.0/assert/assertion_error.ts": "ba8752bd27ebc51f723702fac2f54d3e94447598f54264a6653d6413738a8917",
    "https://deno.land/std@0.224.0/assert/equal.ts": "bddf07bb5fc718e10bb72d5dc2c36c1ce5a8bdd3b647069b6319e07af181ac47",
    "https://deno.land/std@0.224.0/fmt/colors.ts": "508563c0659dd7198ba4bbf87e97f654af3c34eb56ba790260f252ad8012e1c5",
    "https://deno.land/std@0.224.0/internal/diff.ts": "6234a4b493ebe65dc67a18a0eb97ef683626a1166a1906232ce186ae9f65f4e6",
    "https://deno.land/std@0.224.0/internal/format.ts": "0a98ee226fd3d43450245b1844b47003419d34d210fa989900861c79820d21c2",
    "https://deno.land/std@0.224.0/internal/mod.ts": "534125398c8e7426183e12dc255bb635d94e06d0f93c60a297723abe69d3b22e"
  },
  "workspace": {
    "dependencies": [
      "npm:@biomejs/biome@1.8.3",
      "npm:@pandacss/dev@0.45.2",
      "npm:@park-ui/panda-preset@0.33.0",
      "npm:@remix-run/dev@2.12.1",
      "npm:@remix-run/node@2.12.1",
      "npm:@remix-run/react@2.12.1",
      "npm:@remix-run/serve@2.12.1",
      "npm:@rsbuild/core@1.0.1",
      "npm:@rsbuild/plugin-solid@1.0.1",
      "npm:@rsbuild/plugin-svelte@1.0.1",
      "npm:@rslib/core@0.0.5",
      "npm:@sveltejs/adapter-static@3.0.4",
      "npm:@sveltejs/kit@2.5.28",
      "npm:@sveltejs/vite-plugin-svelte@3.1.2",
      "npm:@tanstack/solid-form@0.19.4",
      "npm:@tanstack/solid-pacer@0.2.0",
      "npm:@tanstack/solid-query@5.17.1",
      "npm:@tanstack/solid-router@1.120.17",
      "npm:@tanstack/solid-store@0.5.0",
      "npm:@tanstack/solid-table@8.11.6",
      "npm:@tanstack/solid-virtual@3.0.1",
      "npm:@types/animejs@3.1.12",
      "npm:@types/react-dom@18.3.0",
      "npm:@types/react@18.3.5",
      "npm:@zag-js/solid@0.32.1",
      "npm:animejs@3.2.2",
      "npm:h3@1.10.1",
      "npm:nitropack@2.8.1",
      "npm:react-dom@18.3.1",
      "npm:react@18.3.1",
      "npm:solid-js@1.9.7",
      "npm:svelte-check@3.8.6",
      "npm:svelte@4.2.19",
      "npm:typescript@5.6.2",
      "npm:zustand@4.4.7"
    ],
    "packageJson": {
      "dependencies": [
        "npm:@biomejs/biome@^1.8.3",
        "npm:@nx/js@18.3.0",
        "npm:@nx/rspack@18.3.0",
        "npm:@nx/workspace@18.3.0",
        "npm:@pandacss/dev@0.45.2",
        "npm:@rsbuild/core@^1.0.1",
        "npm:@rsbuild/plugin-solid@^1.0.1",
        "npm:@rsbuild/plugin-svelte@^1.0.1",
        "npm:@rslib/core@^0.0.5",
        "npm:@tanstack/solid-query@5.17.1",
        "npm:@tanstack/solid-router@1.120.17",
        "npm:@types/animejs@^3.1.12",
        "npm:animejs@^3.2.2",
        "npm:nx@18.3.0",
        "npm:solid-js@1.9.7",
        "npm:typescript@5.6.2",
        "npm:zustand@4.4.7"
      ]
    }
  }
}
