{
  "version": "5",
  "redirects": {
    "https://deno.land/std": "https://deno.land/std@0.224.0"
  },
  "remote": {
    "https://deno.land/std@0.132.0/async/abortable.ts": "87aa7230be8360c24ad437212311c9e8d4328854baec27b4c7abb26e85515c06",
    "https://deno.land/std@0.132.0/async/deadline.ts": "48ac998d7564969f3e6ec6b6f9bf0217ebd00239b1b2292feba61272d5dd58d0",
    "https://deno.land/std@0.132.0/async/debounce.ts": "564273ef242bcfcda19a439132f940db8694173abffc159ea34f07d18fc42620",
    "https://deno.land/std@0.132.0/async/deferred.ts": "bc18e28108252c9f67dfca2bbc4587c3cbf3aeb6e155f8c864ca8ecff992b98a",
    "https://deno.land/std@0.132.0/async/delay.ts": "cbbdf1c87d1aed8edc7bae13592fb3e27e3106e0748f089c263390d4f49e5f6c",
    "https://deno.land/std@0.132.0/async/mod.ts": "2240c6841157738414331f47dee09bb8c0482c5b1980b6e3234dd03515c8132f",
    "https://deno.land/std@0.132.0/async/mux_async_iterator.ts": "f4d1d259b0c694d381770ddaaa4b799a94843eba80c17f4a2ec2949168e52d1e",
    "https://deno.land/std@0.132.0/async/pool.ts": "97b0dd27c69544e374df857a40902e74e39532f226005543eabacb551e277082",
    "https://deno.land/std@0.132.0/async/tee.ts": "1341feb1f5b1a96f8628d0f8fc07d8c43d3813423f18a63bf1b4785568d21b1f",
    "https://deno.land/std@0.132.0/http/server.ts": "10c3a7814666cdbabd6f9c18acdcc4593e222275a628280a4868881445fbb5bc",
    "https://deno.land/std@0.140.0/async/abortable.ts": "87aa7230be8360c24ad437212311c9e8d4328854baec27b4c7abb26e85515c06",
    "https://deno.land/std@0.140.0/async/deadline.ts": "48ac998d7564969f3e6ec6b6f9bf0217ebd00239b1b2292feba61272d5dd58d0",
    "https://deno.land/std@0.140.0/async/debounce.ts": "564273ef242bcfcda19a439132f940db8694173abffc159ea34f07d18fc42620",
    "https://deno.land/std@0.140.0/async/deferred.ts": "bc18e28108252c9f67dfca2bbc4587c3cbf3aeb6e155f8c864ca8ecff992b98a",
    "https://deno.land/std@0.140.0/async/delay.ts": "cbbdf1c87d1aed8edc7bae13592fb3e27e3106e0748f089c263390d4f49e5f6c",
    "https://deno.land/std@0.140.0/async/mod.ts": "6e42e275b44367361a81842dd1a789c55ab206d7c8a877d7163ab5c460625be6",
    "https://deno.land/std@0.140.0/async/mux_async_iterator.ts": "f4d1d259b0c694d381770ddaaa4b799a94843eba80c17f4a2ec2949168e52d1e",
    "https://deno.land/std@0.140.0/async/pool.ts": "97b0dd27c69544e374df857a40902e74e39532f226005543eabacb551e277082",
    "https://deno.land/std@0.140.0/async/tee.ts": "1341feb1f5b1a96f8628d0f8fc07d8c43d3813423f18a63bf1b4785568d21b1f",
    "https://deno.land/std@0.140.0/http/server.ts": "3da75405704bebcf212a55966a68a489f7e094ba52b5d38f181fe0ef8461a55d"
  },
  "workspace": {
    "dependencies": [
      "npm:@park-ui/panda-preset@0.33.0",
      "npm:@tanstack/solid-form@0.19.4",
      "npm:@tanstack/solid-query@5.8.1",
      "npm:@tanstack/solid-router@0.8.1",
      "npm:@tanstack/solid-store@0.5.0",
      "npm:@tanstack/solid-table@8.11.6",
      "npm:@tanstack/solid-virtual@3.0.1",
      "npm:@zag-js/solid@0.32.1",
      "npm:h3@1.10.1",
      "npm:nitropack@2.8.1",
      "npm:solid-js@1.7.11"
    ],
    "packageJson": {
      "dependencies": [
        "npm:@clerk/clerk-js@^4.50.0",
        "npm:@pandacss/dev@0.15",
        "npm:@park-ui/panda-preset@0.20",
        "npm:@rsbuild/core@0.2",
        "npm:@rsbuild/plugin-solid@0.2",
        "npm:@rsdoctor/core@0.1",
        "npm:@rslib/core@0.1",
        "npm:@rspack/cli@0.3",
        "npm:@rspress/core@1",
        "npm:@solid-primitives/i18n@2",
        "npm:@tanstack/solid-query@^4.29.1",
        "npm:@tanstack/solid-store@0.2",
        "npm:@tanstack/solid-table@^8.10.0",
        "npm:@tanstack/solid-virtual@3",
        "npm:@testing-library/jest-dom@6",
        "npm:@types/jest@^29.5.0",
        "npm:@types/node@20",
        "npm:@typescript-eslint/eslint-plugin@6",
        "npm:@typescript-eslint/parser@6",
        "npm:convex@1",
        "npm:date-fns@^2.30.0",
        "npm:eslint-config-prettier@9",
        "npm:eslint-plugin-solid@0.13",
        "npm:eslint@^8.45.0",
        "npm:husky@^8.0.3",
        "npm:jest-environment-jsdom@^29.5.0",
        "npm:jest@^29.5.0",
        "npm:lint-staged@14",
        "npm:prettier@3",
        "npm:solid-js@^1.7.11",
        "npm:solid-testing-library@0.5",
        "npm:ts-jest@^29.1.0",
        "npm:ts-node@^10.9.1",
        "npm:typescript@^5.1.6",
        "npm:zustand@^4.4.1"
      ]
    }
  }
}
